# @generated - this file is auto-generated by `mise lock` https://mise.jdx.dev/dev-tools/mise-lock.html

lockfile_version = 3

[[tools.rust]]
version = "1.99.0"
backend = "core:rust"
specifiers = ["latest"]

[tools.rust.options]
components = "clippy,rustfmt"
profile = "minimal"
targets = "aarch64-apple-darwin,aarch64-unknown-linux-musl,x86_64-unknown-linux-musl"
